PODS:
  - Reusable (4.1.0):
    - Reusable/Storyboard (= 4.1.0)
    - Reusable/View (= 4.1.0)
  - Reusable/Storyboard (4.1.0)
  - Reusable/View (4.1.0)

DEPENDENCIES:
  - Reusable

SPEC REPOS:
  trunk:
    - Reusable

SPEC CHECKSUMS:
  Reusable: 82be188f29d96dc5eff0db7b2393bcc08d2cdd5b

PODFILE CHECKSUM: 3d46c57f5a300f338f8cf636950c3bae1a71c9fe

COCOAPODS: 1.8.4
